// !$*UTF8*$!
{
	archiveVersion = 1;
	classes = {
	};
	objectVersion = 48;
	objects = {

/* Begin PBXBuildFile section */
		F1A0E3761FF49681003F304C /* AppDelegate.m in Sources */ = {isa = PBXBuildFile; fileRef = F1A0E3751FF49681003F304C /* AppDelegate.m */; };
		F1A0E3791FF49681003F304C /* ViewController.m in Sources */ = {isa = PBXBuildFile; fileRef = F1A0E3781FF49681003F304C /* ViewController.m */; };
		F1A0E37C1FF49681003F304C /* Main.storyboard in Resources */ = {isa = PBXBuildFile; fileRef = F1A0E37A1FF49681003F304C /* Main.storyboard */; };
		F1A0E37E1FF49681003F304C /* Assets.xcassets in Resources */ = {isa = PBXBuildFile; fileRef = F1A0E37D1FF49681003F304C /* Assets.xcassets */; };
		F1A0E3811FF49681003F304C /* LaunchScreen.storyboard in Resources */ = {isa = PBXBuildFile; fileRef = F1A0E37F1FF49681003F304C /* LaunchScreen.storyboard */; };
		F1A0E3841FF49681003F304C /* main.m in Sources */ = {isa = PBXBuildFile; fileRef = F1A0E3831FF49681003F304C /* main.m */; };
		F1A0E38E1FF49682003F304C /* ___Tests.m in Sources */ = {isa = PBXBuildFile; fileRef = F1A0E38D1FF49682003F304C /* ___Tests.m */; };
		F1A0E3991FF49682003F304C /* ___UITests.m in Sources */ = {isa = PBXBuildFile; fileRef = F1A0E3981FF49682003F304C /* ___UITests.m */; };
		F1A0E3C01FF496E9003F304C /* DefenseHandler.m in Sources */ = {isa = PBXBuildFile; fileRef = F1A0E3AA1FF496E8003F304C /* DefenseHandler.m */; };
		F1A0E3C11FF496E9003F304C /* Human.m in Sources */ = {isa = PBXBuildFile; fileRef = F1A0E3AD1FF496E8003F304C /* Human.m */; };
		F1A0E3C21FF496E9003F304C /* MagicDefense.m in Sources */ = {isa = PBXBuildFile; fileRef = F1A0E3AF1FF496E8003F304C /* MagicDefense.m */; };
		F1A0E3C31FF496E9003F304C /* PhysicalDefense.m in Sources */ = {isa = PBXBuildFile; fileRef = F1A0E3B11FF496E8003F304C /* PhysicalDefense.m */; };
		F1A0E3C51FF496E9003F304C /* BaseSkills.m in Sources */ = {isa = PBXBuildFile; fileRef = F1A0E3B61FF496E9003F304C /* BaseSkills.m */; };
		F1A0E3C61FF496E9003F304C /* LightningSkill.m in Sources */ = {isa = PBXBuildFile; fileRef = F1A0E3B81FF496E9003F304C /* LightningSkill.m */; };
		F1A0E3C71FF496E9003F304C /* BaseAttack.m in Sources */ = {isa = PBXBuildFile; fileRef = F1A0E3BB1FF496E9003F304C /* BaseAttack.m */; };
		F1A0E3C81FF496E9003F304C /* MagicAttack.m in Sources */ = {isa = PBXBuildFile; fileRef = F1A0E3BD1FF496E9003F304C /* MagicAttack.m */; };
		F1A0E3C91FF496E9003F304C /* PhysicalAttack.m in Sources */ = {isa = PBXBuildFile; fileRef = F1A0E3BF1FF496E9003F304C /* PhysicalAttack.m */; };
/* End PBXBuildFile section */

/* Begin PBXContainerItemProxy section */
		F1A0E38A1FF49681003F304C /* PBXContainerItemProxy */ = {
			isa = PBXContainerItemProxy;
			containerPortal = F1A0E3691FF49681003F304C /* Project object */;
			proxyType = 1;
			remoteGlobalIDString = F1A0E3701FF49681003F304C;
			remoteInfo = "责任链";
		};
		F1A0E3951FF49682003F304C /* PBXContainerItemProxy */ = {
			isa = PBXContainerItemProxy;
			containerPortal = F1A0E3691FF49681003F304C /* Project object */;
			proxyType = 1;
			remoteGlobalIDString = F1A0E3701FF49681003F304C;
			remoteInfo = "责任链";
		};
/* End PBXContainerItemProxy section */

/* Begin PBXFileReference section */
		F1A0E3711FF49681003F304C /* 责任链.app */ = {isa = PBXFileReference; explicitFileType = wrapper.application; includeInIndex = 0; path = "责任链.app"; sourceTree = BUILT_PRODUCTS_DIR; };
		F1A0E3741FF49681003F304C /* AppDelegate.h */ = {isa = PBXFileReference; lastKnownFileType = sourcecode.c.h; path = AppDelegate.h; sourceTree = "<group>"; };
		F1A0E3751FF49681003F304C /* AppDelegate.m */ = {isa = PBXFileReference; lastKnownFileType = sourcecode.c.objc; path = AppDelegate.m; sourceTree = "<group>"; };
		F1A0E3771FF49681003F304C /* ViewController.h */ = {isa = PBXFileReference; lastKnownFileType = sourcecode.c.h; path = ViewController.h; sourceTree = "<group>"; };
		F1A0E3781FF49681003F304C /* ViewController.m */ = {isa = PBXFileReference; lastKnownFileType = sourcecode.c.objc; path = ViewController.m; sourceTree = "<group>"; };
		F1A0E37B1FF49681003F304C /* Base */ = {isa = PBXFileReference; lastKnownFileType = file.storyboard; name = Base; path = Base.lproj/Main.storyboard; sourceTree = "<group>"; };
		F1A0E37D1FF49681003F304C /* Assets.xcassets */ = {isa = PBXFileReference; lastKnownFileType = folder.assetcatalog; path = Assets.xcassets; sourceTree = "<group>"; };
		F1A0E3801FF49681003F304C /* Base */ = {isa = PBXFileReference; lastKnownFileType = file.storyboard; name = Base; path = Base.lproj/LaunchScreen.storyboard; sourceTree = "<group>"; };
		F1A0E3821FF49681003F304C /* Info.plist */ = {isa = PBXFileReference; lastKnownFileType = text.plist.xml; path = Info.plist; sourceTree = "<group>"; };
		F1A0E3831FF49681003F304C /* main.m */ = {isa = PBXFileReference; lastKnownFileType = sourcecode.c.objc; path = main.m; sourceTree = "<group>"; };
		F1A0E3891FF49681003F304C /* 责任链Tests.xctest */ = {isa = PBXFileReference; explicitFileType = wrapper.cfbundle; includeInIndex = 0; path = "责任链Tests.xctest"; sourceTree = BUILT_PRODUCTS_DIR; };
		F1A0E38D1FF49682003F304C /* ___Tests.m */ = {isa = PBXFileReference; lastKnownFileType = sourcecode.c.objc; path = "___Tests.m"; sourceTree = "<group>"; };
		F1A0E38F1FF49682003F304C /* Info.plist */ = {isa = PBXFileReference; lastKnownFileType = text.plist.xml; path = Info.plist; sourceTree = "<group>"; };
		F1A0E3941FF49682003F304C /* 责任链UITests.xctest */ = {isa = PBXFileReference; explicitFileType = wrapper.cfbundle; includeInIndex = 0; path = "责任链UITests.xctest"; sourceTree = BUILT_PRODUCTS_DIR; };
		F1A0E3981FF49682003F304C /* ___UITests.m */ = {isa = PBXFileReference; lastKnownFileType = sourcecode.c.objc; path = "___UITests.m"; sourceTree = "<group>"; };
		F1A0E39A1FF49682003F304C /* Info.plist */ = {isa = PBXFileReference; lastKnownFileType = text.plist.xml; path = Info.plist; sourceTree = "<group>"; };
		F1A0E3A91FF496E8003F304C /* DefenseHandler.h */ = {isa = PBXFileReference; fileEncoding = 4; lastKnownFileType = sourcecode.c.h; path = DefenseHandler.h; sourceTree = "<group>"; };
		F1A0E3AA1FF496E8003F304C /* DefenseHandler.m */ = {isa = PBXFileReference; fileEncoding = 4; lastKnownFileType = sourcecode.c.objc; path = DefenseHandler.m; sourceTree = "<group>"; };
		F1A0E3AB1FF496E8003F304C /* DefenseInterface.h */ = {isa = PBXFileReference; fileEncoding = 4; lastKnownFileType = sourcecode.c.h; path = DefenseInterface.h; sourceTree = "<group>"; };
		F1A0E3AC1FF496E8003F304C /* Human.h */ = {isa = PBXFileReference; fileEncoding = 4; lastKnownFileType = sourcecode.c.h; path = Human.h; sourceTree = "<group>"; };
		F1A0E3AD1FF496E8003F304C /* Human.m */ = {isa = PBXFileReference; fileEncoding = 4; lastKnownFileType = sourcecode.c.objc; path = Human.m; sourceTree = "<group>"; };
		F1A0E3AE1FF496E8003F304C /* MagicDefense.h */ = {isa = PBXFileReference; fileEncoding = 4; lastKnownFileType = sourcecode.c.h; path = MagicDefense.h; sourceTree = "<group>"; };
		F1A0E3AF1FF496E8003F304C /* MagicDefense.m */ = {isa = PBXFileReference; fileEncoding = 4; lastKnownFileType = sourcecode.c.objc; path = MagicDefense.m; sourceTree = "<group>"; };
		F1A0E3B01FF496E8003F304C /* PhysicalDefense.h */ = {isa = PBXFileReference; fileEncoding = 4; lastKnownFileType = sourcecode.c.h; path = PhysicalDefense.h; sourceTree = "<group>"; };
		F1A0E3B11FF496E8003F304C /* PhysicalDefense.m */ = {isa = PBXFileReference; fileEncoding = 4; lastKnownFileType = sourcecode.c.objc; path = PhysicalDefense.m; sourceTree = "<group>"; };
		F1A0E3B51FF496E9003F304C /* BaseSkills.h */ = {isa = PBXFileReference; fileEncoding = 4; lastKnownFileType = sourcecode.c.h; path = BaseSkills.h; sourceTree = "<group>"; };
		F1A0E3B61FF496E9003F304C /* BaseSkills.m */ = {isa = PBXFileReference; fileEncoding = 4; lastKnownFileType = sourcecode.c.objc; path = BaseSkills.m; sourceTree = "<group>"; };
		F1A0E3B71FF496E9003F304C /* LightningSkill.h */ = {isa = PBXFileReference; fileEncoding = 4; lastKnownFileType = sourcecode.c.h; path = LightningSkill.h; sourceTree = "<group>"; };
		F1A0E3B81FF496E9003F304C /* LightningSkill.m */ = {isa = PBXFileReference; fileEncoding = 4; lastKnownFileType = sourcecode.c.objc; path = LightningSkill.m; sourceTree = "<group>"; };
		F1A0E3BA1FF496E9003F304C /* BaseAttack.h */ = {isa = PBXFileReference; fileEncoding = 4; lastKnownFileType = sourcecode.c.h; path = BaseAttack.h; sourceTree = "<group>"; };
		F1A0E3BB1FF496E9003F304C /* BaseAttack.m */ = {isa = PBXFileReference; fileEncoding = 4; lastKnownFileType = sourcecode.c.objc; path = BaseAttack.m; sourceTree = "<group>"; };
		F1A0E3BC1FF496E9003F304C /* MagicAttack.h */ = {isa = PBXFileReference; fileEncoding = 4; lastKnownFileType = sourcecode.c.h; path = MagicAttack.h; sourceTree = "<group>"; };
		F1A0E3BD1FF496E9003F304C /* MagicAttack.m */ = {isa = PBXFileReference; fileEncoding = 4; lastKnownFileType = sourcecode.c.objc; path = MagicAttack.m; sourceTree = "<group>"; };
		F1A0E3BE1FF496E9003F304C /* PhysicalAttack.h */ = {isa = PBXFileReference; fileEncoding = 4; lastKnownFileType = sourcecode.c.h; path = PhysicalAttack.h; sourceTree = "<group>"; };
		F1A0E3BF1FF496E9003F304C /* PhysicalAttack.m */ = {isa = PBXFileReference; fileEncoding = 4; lastKnownFileType = sourcecode.c.objc; path = PhysicalAttack.m; sourceTree = "<group>"; };
/* End PBXFileReference section */

/* Begin PBXFrameworksBuildPhase section */
		F1A0E36E1FF49681003F304C /* Frameworks */ = {
			isa = PBXFrameworksBuildPhase;
			buildActionMask = 2147483647;
			files = (
			);
			runOnlyForDeploymentPostprocessing = 0;
		};
		F1A0E3861FF49681003F304C /* Frameworks */ = {
			isa = PBXFrameworksBuildPhase;
			buildActionMask = 2147483647;
			files = (
			);
			runOnlyForDeploymentPostprocessing = 0;
		};
		F1A0E3911FF49682003F304C /* Frameworks */ = {
			isa = PBXFrameworksBuildPhase;
			buildActionMask = 2147483647;
			files = (
			);
			runOnlyForDeploymentPostprocessing = 0;
		};
/* End PBXFrameworksBuildPhase section */

/* Begin PBXGroup section */
		F1A0E3681FF49681003F304C = {
			isa = PBXGroup;
			children = (
				F1A0E3731FF49681003F304C /* 责任链 */,
				F1A0E38C1FF49681003F304C /* 责任链Tests */,
				F1A0E3971FF49682003F304C /* 责任链UITests */,
				F1A0E3721FF49681003F304C /* Products */,
			);
			sourceTree = "<group>";
		};
		F1A0E3721FF49681003F304C /* Products */ = {
			isa = PBXGroup;
			children = (
				F1A0E3711FF49681003F304C /* 责任链.app */,
				F1A0E3891FF49681003F304C /* 责任链Tests.xctest */,
				F1A0E3941FF49682003F304C /* 责任链UITests.xctest */,
			);
			name = Products;
			sourceTree = "<group>";
		};
		F1A0E3731FF49681003F304C /* 责任链 */ = {
			isa = PBXGroup;
			children = (
				F1A0E3B91FF496E9003F304C /* Attack */,
				F1A0E3A81FF496E8003F304C /* Defense */,
				F1A0E3B21FF496E9003F304C /* Skills */,
				F1A0E3771FF49681003F304C /* ViewController.h */,
				F1A0E3781FF49681003F304C /* ViewController.m */,
				F1A0E3A71FF496B9003F304C /* AppDelegate */,
				F1A0E3A61FF4969C003F304C /* Other */,
			);
			path = "责任链";
			sourceTree = "<group>";
		};
		F1A0E38C1FF49681003F304C /* 责任链Tests */ = {
			isa = PBXGroup;
			children = (
				F1A0E38D1FF49682003F304C /* ___Tests.m */,
				F1A0E38F1FF49682003F304C /* Info.plist */,
			);
			path = "责任链Tests";
			sourceTree = "<group>";
		};
		F1A0E3971FF49682003F304C /* 责任链UITests */ = {
			isa = PBXGroup;
			children = (
				F1A0E3981FF49682003F304C /* ___UITests.m */,
				F1A0E39A1FF49682003F304C /* Info.plist */,
			);
			path = "责任链UITests";
			sourceTree = "<group>";
		};
		F1A0E3A61FF4969C003F304C /* Other */ = {
			isa = PBXGroup;
			children = (
				F1A0E37A1FF49681003F304C /* Main.storyboard */,
				F1A0E37D1FF49681003F304C /* Assets.xcassets */,
				F1A0E37F1FF49681003F304C /* LaunchScreen.storyboard */,
				F1A0E3821FF49681003F304C /* Info.plist */,
				F1A0E3831FF49681003F304C /* main.m */,
			);
			name = Other;
			sourceTree = "<group>";
		};
		F1A0E3A71FF496B9003F304C /* AppDelegate */ = {
			isa = PBXGroup;
			children = (
				F1A0E3741FF49681003F304C /* AppDelegate.h */,
				F1A0E3751FF49681003F304C /* AppDelegate.m */,
			);
			name = AppDelegate;
			sourceTree = "<group>";
		};
		F1A0E3A81FF496E8003F304C /* Defense */ = {
			isa = PBXGroup;
			children = (
				F1A0E3AB1FF496E8003F304C /* DefenseInterface.h */,
				F1A0E3A91FF496E8003F304C /* DefenseHandler.h */,
				F1A0E3AA1FF496E8003F304C /* DefenseHandler.m */,
				F1A0E3AC1FF496E8003F304C /* Human.h */,
				F1A0E3AD1FF496E8003F304C /* Human.m */,
				F1A0E3AE1FF496E8003F304C /* MagicDefense.h */,
				F1A0E3AF1FF496E8003F304C /* MagicDefense.m */,
				F1A0E3B01FF496E8003F304C /* PhysicalDefense.h */,
				F1A0E3B11FF496E8003F304C /* PhysicalDefense.m */,
			);
			path = Defense;
			sourceTree = "<group>";
		};
		F1A0E3B21FF496E9003F304C /* Skills */ = {
			isa = PBXGroup;
			children = (
				F1A0E3B51FF496E9003F304C /* BaseSkills.h */,
				F1A0E3B61FF496E9003F304C /* BaseSkills.m */,
				F1A0E3B71FF496E9003F304C /* LightningSkill.h */,
				F1A0E3B81FF496E9003F304C /* LightningSkill.m */,
			);
			path = Skills;
			sourceTree = "<group>";
		};
		F1A0E3B91FF496E9003F304C /* Attack */ = {
			isa = PBXGroup;
			children = (
				F1A0E3BA1FF496E9003F304C /* BaseAttack.h */,
				F1A0E3BB1FF496E9003F304C /* BaseAttack.m */,
				F1A0E3BC1FF496E9003F304C /* MagicAttack.h */,
				F1A0E3BD1FF496E9003F304C /* MagicAttack.m */,
				F1A0E3BE1FF496E9003F304C /* PhysicalAttack.h */,
				F1A0E3BF1FF496E9003F304C /* PhysicalAttack.m */,
			);
			path = Attack;
			sourceTree = "<group>";
		};
/* End PBXGroup section */

/* Begin PBXNativeTarget section */
		F1A0E3701FF49681003F304C /* 责任链 */ = {
			isa = PBXNativeTarget;
			buildConfigurationList = F1A0E39D1FF49682003F304C /* Build configuration list for PBXNativeTarget "责任链" */;
			buildPhases = (
				F1A0E36D1FF49681003F304C /* Sources */,
				F1A0E36E1FF49681003F304C /* Frameworks */,
				F1A0E36F1FF49681003F304C /* Resources */,
			);
			buildRules = (
			);
			dependencies = (
			);
			name = "责任链";
			productName = "责任链";
			productReference = F1A0E3711FF49681003F304C /* 责任链.app */;
			productType = "com.apple.product-type.application";
		};
		F1A0E3881FF49681003F304C /* 责任链Tests */ = {
			isa = PBXNativeTarget;
			buildConfigurationList = F1A0E3A01FF49682003F304C /* Build configuration list for PBXNativeTarget "责任链Tests" */;
			buildPhases = (
				F1A0E3851FF49681003F304C /* Sources */,
				F1A0E3861FF49681003F304C /* Frameworks */,
				F1A0E3871FF49681003F304C /* Resources */,
			);
			buildRules = (
			);
			dependencies = (
				F1A0E38B1FF49681003F304C /* PBXTargetDependency */,
			);
			name = "责任链Tests";
			productName = "责任链Tests";
			productReference = F1A0E3891FF49681003F304C /* 责任链Tests.xctest */;
			productType = "com.apple.product-type.bundle.unit-test";
		};
		F1A0E3931FF49682003F304C /* 责任链UITests */ = {
			isa = PBXNativeTarget;
			buildConfigurationList = F1A0E3A31FF49682003F304C /* Build configuration list for PBXNativeTarget "责任链UITests" */;
			buildPhases = (
				F1A0E3901FF49682003F304C /* Sources */,
				F1A0E3911FF49682003F304C /* Frameworks */,
				F1A0E3921FF49682003F304C /* Resources */,
			);
			buildRules = (
			);
			dependencies = (
				F1A0E3961FF49682003F304C /* PBXTargetDependency */,
			);
			name = "责任链UITests";
			productName = "责任链UITests";
			productReference = F1A0E3941FF49682003F304C /* 责任链UITests.xctest */;
			productType = "com.apple.product-type.bundle.ui-testing";
		};
/* End PBXNativeTarget section */

/* Begin PBXProject section */
		F1A0E3691FF49681003F304C /* Project object */ = {
			isa = PBXProject;
			attributes = {
				LastUpgradeCheck = 0910;
				ORGANIZATIONNAME = Mix_Reality;
				TargetAttributes = {
					F1A0E3701FF49681003F304C = {
						CreatedOnToolsVersion = 9.1;
						ProvisioningStyle = Automatic;
					};
					F1A0E3881FF49681003F304C = {
						CreatedOnToolsVersion = 9.1;
						ProvisioningStyle = Automatic;
						TestTargetID = F1A0E3701FF49681003F304C;
					};
					F1A0E3931FF49682003F304C = {
						CreatedOnToolsVersion = 9.1;
						ProvisioningStyle = Automatic;
						TestTargetID = F1A0E3701FF49681003F304C;
					};
				};
			};
			buildConfigurationList = F1A0E36C1FF49681003F304C /* Build configuration list for PBXProject "责任链" */;
			compatibilityVersion = "Xcode 8.0";
			developmentRegion = en;
			hasScannedForEncodings = 0;
			knownRegions = (
				en,
				Base,
			);
			mainGroup = F1A0E3681FF49681003F304C;
			productRefGroup = F1A0E3721FF49681003F304C /* Products */;
			projectDirPath = "";
			projectRoot = "";
			targets = (
				F1A0E3701FF49681003F304C /* 责任链 */,
				F1A0E3881FF49681003F304C /* 责任链Tests */,
				F1A0E3931FF49682003F304C /* 责任链UITests */,
			);
		};
/* End PBXProject section */

/* Begin PBXResourcesBuildPhase section */
		F1A0E36F1FF49681003F304C /* Resources */ = {
			isa = PBXResourcesBuildPhase;
			buildActionMask = 2147483647;
			files = (
				F1A0E3811FF49681003F304C /* LaunchScreen.storyboard in Resources */,
				F1A0E37E1FF49681003F304C /* Assets.xcassets in Resources */,
				F1A0E37C1FF49681003F304C /* Main.storyboard in Resources */,
			);
			runOnlyForDeploymentPostprocessing = 0;
		};
		F1A0E3871FF49681003F304C /* Resources */ = {
			isa = PBXResourcesBuildPhase;
			buildActionMask = 2147483647;
			files = (
			);
			runOnlyForDeploymentPostprocessing = 0;
		};
		F1A0E3921FF49682003F304C /* Resources */ = {
			isa = PBXResourcesBuildPhase;
			buildActionMask = 2147483647;
			files = (
			);
			runOnlyForDeploymentPostprocessing = 0;
		};
/* End PBXResourcesBuildPhase section */

/* Begin PBXSourcesBuildPhase section */
		F1A0E36D1FF49681003F304C /* Sources */ = {
			isa = PBXSourcesBuildPhase;
			buildActionMask = 2147483647;
			files = (
				F1A0E3C71FF496E9003F304C /* BaseAttack.m in Sources */,
				F1A0E3C21FF496E9003F304C /* MagicDefense.m in Sources */,
				F1A0E3C31FF496E9003F304C /* PhysicalDefense.m in Sources */,
				F1A0E3C61FF496E9003F304C /* LightningSkill.m in Sources */,
				F1A0E3C91FF496E9003F304C /* PhysicalAttack.m in Sources */,
				F1A0E3C81FF496E9003F304C /* MagicAttack.m in Sources */,
				F1A0E3791FF49681003F304C /* ViewController.m in Sources */,
				F1A0E3C51FF496E9003F304C /* BaseSkills.m in Sources */,
				F1A0E3841FF49681003F304C /* main.m in Sources */,
				F1A0E3C11FF496E9003F304C /* Human.m in Sources */,
				F1A0E3761FF49681003F304C /* AppDelegate.m in Sources */,
				F1A0E3C01FF496E9003F304C /* DefenseHandler.m in Sources */,
			);
			runOnlyForDeploymentPostprocessing = 0;
		};
		F1A0E3851FF49681003F304C /* Sources */ = {
			isa = PBXSourcesBuildPhase;
			buildActionMask = 2147483647;
			files = (
				F1A0E38E1FF49682003F304C /* ___Tests.m in Sources */,
			);
			runOnlyForDeploymentPostprocessing = 0;
		};
		F1A0E3901FF49682003F304C /* Sources */ = {
			isa = PBXSourcesBuildPhase;
			buildActionMask = 2147483647;
			files = (
				F1A0E3991FF49682003F304C /* ___UITests.m in Sources */,
			);
			runOnlyForDeploymentPostprocessing = 0;
		};
/* End PBXSourcesBuildPhase section */

/* Begin PBXTargetDependency section */
		F1A0E38B1FF49681003F304C /* PBXTargetDependency */ = {
			isa = PBXTargetDependency;
			target = F1A0E3701FF49681003F304C /* 责任链 */;
			targetProxy = F1A0E38A1FF49681003F304C /* PBXContainerItemProxy */;
		};
		F1A0E3961FF49682003F304C /* PBXTargetDependency */ = {
			isa = PBXTargetDependency;
			target = F1A0E3701FF49681003F304C /* 责任链 */;
			targetProxy = F1A0E3951FF49682003F304C /* PBXContainerItemProxy */;
		};
/* End PBXTargetDependency section */

/* Begin PBXVariantGroup section */
		F1A0E37A1FF49681003F304C /* Main.storyboard */ = {
			isa = PBXVariantGroup;
			children = (
				F1A0E37B1FF49681003F304C /* Base */,
			);
			name = Main.storyboard;
			sourceTree = "<group>";
		};
		F1A0E37F1FF49681003F304C /* LaunchScreen.storyboard */ = {
			isa = PBXVariantGroup;
			children = (
				F1A0E3801FF49681003F304C /* Base */,
			);
			name = LaunchScreen.storyboard;
			sourceTree = "<group>";
		};
/* End PBXVariantGroup section */

/* Begin XCBuildConfiguration section */
		F1A0E39B1FF49682003F304C /* Debug */ = {
			isa = XCBuildConfiguration;
			buildSettings = {
				ALWAYS_SEARCH_USER_PATHS = NO;
				CLANG_ANALYZER_NONNULL = YES;
				CLANG_ANALYZER_NUMBER_OBJECT_CONVERSION = YES_AGGRESSIVE;
				CLANG_CXX_LANGUAGE_STANDARD = "gnu++14";
				CLANG_CXX_LIBRARY = "libc++";
				CLANG_ENABLE_MODULES = YES;
				CLANG_ENABLE_OBJC_ARC = YES;
				CLANG_WARN_BLOCK_CAPTURE_AUTORELEASING = YES;
				CLANG_WARN_BOOL_CONVERSION = YES;
				CLANG_WARN_COMMA = YES;
				CLANG_WARN_CONSTANT_CONVERSION = YES;
				CLANG_WARN_DIRECT_OBJC_ISA_USAGE = YES_ERROR;
				CLANG_WARN_DOCUMENTATION_COMMENTS = YES;
				CLANG_WARN_EMPTY_BODY = YES;
				CLANG_WARN_ENUM_CONVERSION = YES;
				CLANG_WARN_INFINITE_RECURSION = YES;
				CLANG_WARN_INT_CONVERSION = YES;
				CLANG_WARN_NON_LITERAL_NULL_CONVERSION = YES;
				CLANG_WARN_OBJC_LITERAL_CONVERSION = YES;
				CLANG_WARN_OBJC_ROOT_CLASS = YES_ERROR;
				CLANG_WARN_RANGE_LOOP_ANALYSIS = YES;
				CLANG_WARN_STRICT_PROTOTYPES = YES;
				CLANG_WARN_SUSPICIOUS_MOVE = YES;
				CLANG_WARN_UNGUARDED_AVAILABILITY = YES_AGGRESSIVE;
				CLANG_WARN_UNREACHABLE_CODE = YES;
				CLANG_WARN__DUPLICATE_METHOD_MATCH = YES;
				CODE_SIGN_IDENTITY = "iPhone Developer";
				COPY_PHASE_STRIP = NO;
				DEBUG_INFORMATION_FORMAT = dwarf;
				ENABLE_STRICT_OBJC_MSGSEND = YES;
				ENABLE_TESTABILITY = YES;
				GCC_C_LANGUAGE_STANDARD = gnu11;
				GCC_DYNAMIC_NO_PIC = NO;
				GCC_NO_COMMON_BLOCKS = YES;
				GCC_OPTIMIZATION_LEVEL = 0;
				GCC_PREPROCESSOR_DEFINITIONS = (
					"DEBUG=1",
					"$(inherited)",
				);
				GCC_WARN_64_TO_32_BIT_CONVERSION = YES;
				GCC_WARN_ABOUT_RETURN_TYPE = YES_ERROR;
				GCC_WARN_UNDECLARED_SELECTOR = YES;
				GCC_WARN_UNINITIALIZED_AUTOS = YES_AGGRESSIVE;
				GCC_WARN_UNUSED_FUNCTION = YES;
				GCC_WARN_UNUSED_VARIABLE = YES;
				IPHONEOS_DEPLOYMENT_TARGET = 11.1;
				MTL_ENABLE_DEBUG_INFO = YES;
				ONLY_ACTIVE_ARCH = YES;
				SDKROOT = iphoneos;
			};
			name = Debug;
		};
		F1A0E39C1FF49682003F304C /* Release */ = {
			isa = XCBuildConfiguration;
			buildSettings = {
				ALWAYS_SEARCH_USER_PATHS = NO;
				CLANG_ANALYZER_NONNULL = YES;
				CLANG_ANALYZER_NUMBER_OBJECT_CONVERSION = YES_AGGRESSIVE;
				CLANG_CXX_LANGUAGE_STANDARD = "gnu++14";
				CLANG_CXX_LIBRARY = "libc++";
				CLANG_ENABLE_MODULES = YES;
				CLANG_ENABLE_OBJC_ARC = YES;
				CLANG_WARN_BLOCK_CAPTURE_AUTORELEASING = YES;
				CLANG_WARN_BOOL_CONVERSION = YES;
				CLANG_WARN_COMMA = YES;
				CLANG_WARN_CONSTANT_CONVERSION = YES;
				CLANG_WARN_DIRECT_OBJC_ISA_USAGE = YES_ERROR;
				CLANG_WARN_DOCUMENTATION_COMMENTS = YES;
				CLANG_WARN_EMPTY_BODY = YES;
				CLANG_WARN_ENUM_CONVERSION = YES;
				CLANG_WARN_INFINITE_RECURSION = YES;
				CLANG_WARN_INT_CONVERSION = YES;
				CLANG_WARN_NON_LITERAL_NULL_CONVERSION = YES;
				CLANG_WARN_OBJC_LITERAL_CONVERSION = YES;
				CLANG_WARN_OBJC_ROOT_CLASS = YES_ERROR;
				CLANG_WARN_RANGE_LOOP_ANALYSIS = YES;
				CLANG_WARN_STRICT_PROTOTYPES = YES;
				CLANG_WARN_SUSPICIOUS_MOVE = YES;
				CLANG_WARN_UNGUARDED_AVAILABILITY = YES_AGGRESSIVE;
				CLANG_WARN_UNREACHABLE_CODE = YES;
				CLANG_WARN__DUPLICATE_METHOD_MATCH = YES;
				CODE_SIGN_IDENTITY = "iPhone Developer";
				COPY_PHASE_STRIP = NO;
				DEBUG_INFORMATION_FORMAT = "dwarf-with-dsym";
				ENABLE_NS_ASSERTIONS = NO;
				ENABLE_STRICT_OBJC_MSGSEND = YES;
				GCC_C_LANGUAGE_STANDARD = gnu11;
				GCC_NO_COMMON_BLOCKS = YES;
				GCC_WARN_64_TO_32_BIT_CONVERSION = YES;
				GCC_WARN_ABOUT_RETURN_TYPE = YES_ERROR;
				GCC_WARN_UNDECLARED_SELECTOR = YES;
				GCC_WARN_UNINITIALIZED_AUTOS = YES_AGGRESSIVE;
				GCC_WARN_UNUSED_FUNCTION = YES;
				GCC_WARN_UNUSED_VARIABLE = YES;
				IPHONEOS_DEPLOYMENT_TARGET = 11.1;
				MTL_ENABLE_DEBUG_INFO = NO;
				SDKROOT = iphoneos;
				VALIDATE_PRODUCT = YES;
			};
			name = Release;
		};
		F1A0E39E1FF49682003F304C /* Debug */ = {
			isa = XCBuildConfiguration;
			buildSettings = {
				ASSETCATALOG_COMPILER_APPICON_NAME = AppIcon;
				CODE_SIGN_STYLE = Automatic;
				DEVELOPMENT_TEAM = S9S75QV22Q;
				INFOPLIST_FILE = "责任链/Info.plist";
				LD_RUNPATH_SEARCH_PATHS = "$(inherited) @executable_path/Frameworks";
				PRODUCT_BUNDLE_IDENTIFIER = "com.100doc.---";
				PRODUCT_NAME = "$(TARGET_NAME)";
				TARGETED_DEVICE_FAMILY = "1,2";
			};
			name = Debug;
		};
		F1A0E39F1FF49682003F304C /* Release */ = {
			isa = XCBuildConfiguration;
			buildSettings = {
				ASSETCATALOG_COMPILER_APPICON_NAME = AppIcon;
				CODE_SIGN_STYLE = Automatic;
				DEVELOPMENT_TEAM = S9S75QV22Q;
				INFOPLIST_FILE = "责任链/Info.plist";
				LD_RUNPATH_SEARCH_PATHS = "$(inherited) @executable_path/Frameworks";
				PRODUCT_BUNDLE_IDENTIFIER = "com.100doc.---";
				PRODUCT_NAME = "$(TARGET_NAME)";
				TARGETED_DEVICE_FAMILY = "1,2";
			};
			name = Release;
		};
		F1A0E3A11FF49682003F304C /* Debug */ = {
			isa = XCBuildConfiguration;
			buildSettings = {
				BUNDLE_LOADER = "$(TEST_HOST)";
				CODE_SIGN_STYLE = Automatic;
				DEVELOPMENT_TEAM = S9S75QV22Q;
				INFOPLIST_FILE = "责任链Tests/Info.plist";
				LD_RUNPATH_SEARCH_PATHS = "$(inherited) @executable_path/Frameworks @loader_path/Frameworks";
				PRODUCT_BUNDLE_IDENTIFIER = "com.100doc.---Tests";
				PRODUCT_NAME = "$(TARGET_NAME)";
				TARGETED_DEVICE_FAMILY = "1,2";
				TEST_HOST = "$(BUILT_PRODUCTS_DIR)/责任链.app/责任链";
			};
			name = Debug;
		};
		F1A0E3A21FF49682003F304C /* Release */ = {
			isa = XCBuildConfiguration;
			buildSettings = {
				BUNDLE_LOADER = "$(TEST_HOST)";
				CODE_SIGN_STYLE = Automatic;
				DEVELOPMENT_TEAM = S9S75QV22Q;
				INFOPLIST_FILE = "责任链Tests/Info.plist";
				LD_RUNPATH_SEARCH_PATHS = "$(inherited) @executable_path/Frameworks @loader_path/Frameworks";
				PRODUCT_BUNDLE_IDENTIFIER = "com.100doc.---Tests";
				PRODUCT_NAME = "$(TARGET_NAME)";
				TARGETED_DEVICE_FAMILY = "1,2";
				TEST_HOST = "$(BUILT_PRODUCTS_DIR)/责任链.app/责任链";
			};
			name = Release;
		};
		F1A0E3A41FF49682003F304C /* Debug */ = {
			isa = XCBuildConfiguration;
			buildSettings = {
				CODE_SIGN_STYLE = Automatic;
				DEVELOPMENT_TEAM = S9S75QV22Q;
				INFOPLIST_FILE = "责任链UITests/Info.plist";
				LD_RUNPATH_SEARCH_PATHS = "$(inherited) @executable_path/Frameworks @loader_path/Frameworks";
				PRODUCT_BUNDLE_IDENTIFIER = "com.100doc.---UITests";
				PRODUCT_NAME = "$(TARGET_NAME)";
				TARGETED_DEVICE_FAMILY = "1,2";
				TEST_TARGET_NAME = "责任链";
			};
			name = Debug;
		};
		F1A0E3A51FF49682003F304C /* Release */ = {
			isa = XCBuildConfiguration;
			buildSettings = {
				CODE_SIGN_STYLE = Automatic;
				DEVELOPMENT_TEAM = S9S75QV22Q;
				INFOPLIST_FILE = "责任链UITests/Info.plist";
				LD_RUNPATH_SEARCH_PATHS = "$(inherited) @executable_path/Frameworks @loader_path/Frameworks";
				PRODUCT_BUNDLE_IDENTIFIER = "com.100doc.---UITests";
				PRODUCT_NAME = "$(TARGET_NAME)";
				TARGETED_DEVICE_FAMILY = "1,2";
				TEST_TARGET_NAME = "责任链";
			};
			name = Release;
		};
/* End XCBuildConfiguration section */

/* Begin XCConfigurationList section */
		F1A0E36C1FF49681003F304C /* Build configuration list for PBXProject "责任链" */ = {
			isa = XCConfigurationList;
			buildConfigurations = (
				F1A0E39B1FF49682003F304C /* Debug */,
				F1A0E39C1FF49682003F304C /* Release */,
			);
			defaultConfigurationIsVisible = 0;
			defaultConfigurationName = Release;
		};
		F1A0E39D1FF49682003F304C /* Build configuration list for PBXNativeTarget "责任链" */ = {
			isa = XCConfigurationList;
			buildConfigurations = (
				F1A0E39E1FF49682003F304C /* Debug */,
				F1A0E39F1FF49682003F304C /* Release */,
			);
			defaultConfigurationIsVisible = 0;
			defaultConfigurationName = Release;
		};
		F1A0E3A01FF49682003F304C /* Build configuration list for PBXNativeTarget "责任链Tests" */ = {
			isa = XCConfigurationList;
			buildConfigurations = (
				F1A0E3A11FF49682003F304C /* Debug */,
				F1A0E3A21FF49682003F304C /* Release */,
			);
			defaultConfigurationIsVisible = 0;
			defaultConfigurationName = Release;
		};
		F1A0E3A31FF49682003F304C /* Build configuration list for PBXNativeTarget "责任链UITests" */ = {
			isa = XCConfigurationList;
			buildConfigurations = (
				F1A0E3A41FF49682003F304C /* Debug */,
				F1A0E3A51FF49682003F304C /* Release */,
			);
			defaultConfigurationIsVisible = 0;
			defaultConfigurationName = Release;
		};
/* End XCConfigurationList section */
	};
	rootObject = F1A0E3691FF49681003F304C /* Project object */;
}
